// !$*UTF8*$!
{
	archiveVersion = 1;
	classes = {
	};
	objectVersion = 51;
	objects = {

/* Begin PBXBuildFile section */
		1654DB0623A2298A00964A0B /* TodosViewControllerTableViewController.swift in Sources */ = {isa = PBXBuildFile; fileRef = 1654DB0523A2298A00964A0B /* TodosViewControllerTableViewController.swift */; };
		165824F3239F723700F535CF /* AppDelegate.swift in Sources */ = {isa = PBXBuildFile; fileRef = 165824F2239F723700F535CF /* AppDelegate.swift */; };
		165824F5239F723700F535CF /* SceneDelegate.swift in Sources */ = {isa = PBXBuildFile; fileRef = 165824F4239F723700F535CF /* SceneDelegate.swift */; };
		165824F7239F723700F535CF /* ViewController.swift in Sources */ = {isa = PBXBuildFile; fileRef = 165824F6239F723700F535CF /* ViewController.swift */; };
		165824FA239F723700F535CF /* Main.storyboard in Resources */ = {isa = PBXBuildFile; fileRef = 165824F8239F723700F535CF /* Main.storyboard */; };
		165824FC239F723900F535CF /* Assets.xcassets in Resources */ = {isa = PBXBuildFile; fileRef = 165824FB239F723900F535CF /* Assets.xcassets */; };
		165824FF239F723900F535CF /* LaunchScreen.storyboard in Resources */ = {isa = PBXBuildFile; fileRef = 165824FD239F723900F535CF /* LaunchScreen.storyboard */; };
		166B9A0923A8BEE3004B7785 /* CustomView.swift in Sources */ = {isa = PBXBuildFile; fileRef = 166B9A0823A8BEE3004B7785 /* CustomView.swift */; };
		166B9A0B23A8BEF9004B7785 /* CustomView.xib in Resources */ = {isa = PBXBuildFile; fileRef = 166B9A0A23A8BEF9004B7785 /* CustomView.xib */; };
		1676099323A733B600048459 /* AnimationViewController.swift in Sources */ = {isa = PBXBuildFile; fileRef = 1676099223A733B600048459 /* AnimationViewController.swift */; };
		1681A0DE23AC997A0096D2E0 /* NibView.swift in Sources */ = {isa = PBXBuildFile; fileRef = 1681A0DD23AC997A0096D2E0 /* NibView.swift */; };
		1681A0E023ACB37B0096D2E0 /* Alert.storyboard in Resources */ = {isa = PBXBuildFile; fileRef = 1681A0DF23ACB37B0096D2E0 /* Alert.storyboard */; };
		A3EA94152060F5F1BD3BF708 /* Todo.swift in Sources */ = {isa = PBXBuildFile; fileRef = A3EA92F5F564310B268C46AC /* Todo.swift */; };
		DE88B2F90DAA5A6A2C06F36B /* Pods_todo2019.framework in Frameworks */ = {isa = PBXBuildFile; fileRef = DBA14ED85F2822BD5B15206D /* Pods_todo2019.framework */; };
/* End PBXBuildFile section */

/* Begin PBXFileReference section */
		1654DB0523A2298A00964A0B /* TodosViewControllerTableViewController.swift */ = {isa = PBXFileReference; lastKnownFileType = sourcecode.swift; path = TodosViewControllerTableViewController.swift; sourceTree = "<group>"; };
		165824EF239F723700F535CF /* todo2019.app */ = {isa = PBXFileReference; explicitFileType = wrapper.application; includeInIndex = 0; path = todo2019.app; sourceTree = BUILT_PRODUCTS_DIR; };
		165824F2239F723700F535CF /* AppDelegate.swift */ = {isa = PBXFileReference; lastKnownFileType = sourcecode.swift; path = AppDelegate.swift; sourceTree = "<group>"; };
		165824F4239F723700F535CF /* SceneDelegate.swift */ = {isa = PBXFileReference; lastKnownFileType = sourcecode.swift; path = SceneDelegate.swift; sourceTree = "<group>"; };
		165824F6239F723700F535CF /* ViewController.swift */ = {isa = PBXFileReference; lastKnownFileType = sourcecode.swift; path = ViewController.swift; sourceTree = "<group>"; };
		165824F9239F723700F535CF /* Base */ = {isa = PBXFileReference; lastKnownFileType = file.storyboard; name = Base; path = Base.lproj/Main.storyboard; sourceTree = "<group>"; };
		165824FB239F723900F535CF /* Assets.xcassets */ = {isa = PBXFileReference; lastKnownFileType = folder.assetcatalog; path = Assets.xcassets; sourceTree = "<group>"; };
		165824FE239F723900F535CF /* Base */ = {isa = PBXFileReference; lastKnownFileType = file.storyboard; name = Base; path = Base.lproj/LaunchScreen.storyboard; sourceTree = "<group>"; };
		16582500239F723900F535CF /* Info.plist */ = {isa = PBXFileReference; lastKnownFileType = text.plist.xml; path = Info.plist; sourceTree = "<group>"; };
		166B9A0823A8BEE3004B7785 /* CustomView.swift */ = {isa = PBXFileReference; lastKnownFileType = sourcecode.swift; path = CustomView.swift; sourceTree = "<group>"; };
		166B9A0A23A8BEF9004B7785 /* CustomView.xib */ = {isa = PBXFileReference; lastKnownFileType = file.xib; path = CustomView.xib; sourceTree = "<group>"; };
		1676099223A733B600048459 /* AnimationViewController.swift */ = {isa = PBXFileReference; lastKnownFileType = sourcecode.swift; path = AnimationViewController.swift; sourceTree = "<group>"; };
		1681A0DD23AC997A0096D2E0 /* NibView.swift */ = {isa = PBXFileReference; lastKnownFileType = sourcecode.swift; path = NibView.swift; sourceTree = "<group>"; };
		1681A0DF23ACB37B0096D2E0 /* Alert.storyboard */ = {isa = PBXFileReference; lastKnownFileType = file.storyboard; path = Alert.storyboard; sourceTree = "<group>"; };
		43BE51C8E5AFA6BAA2947EAD /* Pods-todo2019.debug.xcconfig */ = {isa = PBXFileReference; includeInIndex = 1; lastKnownFileType = text.xcconfig; name = "Pods-todo2019.debug.xcconfig"; path = "Target Support Files/Pods-todo2019/Pods-todo2019.debug.xcconfig"; sourceTree = "<group>"; };
		A3EA92F5F564310B268C46AC /* Todo.swift */ = {isa = PBXFileReference; fileEncoding = 4; lastKnownFileType = sourcecode.swift; path = Todo.swift; sourceTree = "<group>"; };
		B83F96FBA3B8D687A0E3A10F /* Pods-todo2019.release.xcconfig */ = {isa = PBXFileReference; includeInIndex = 1; lastKnownFileType = text.xcconfig; name = "Pods-todo2019.release.xcconfig"; path = "Target Support Files/Pods-todo2019/Pods-todo2019.release.xcconfig"; sourceTree = "<group>"; };
		DBA14ED85F2822BD5B15206D /* Pods_todo2019.framework */ = {isa = PBXFileReference; explicitFileType = wrapper.framework; includeInIndex = 0; path = Pods_todo2019.framework; sourceTree = BUILT_PRODUCTS_DIR; };
/* End PBXFileReference section */

/* Begin PBXFrameworksBuildPhase section */
		165824EC239F723700F535CF /* Frameworks */ = {
			isa = PBXFrameworksBuildPhase;
			buildActionMask = 2147483647;
			files = (
				DE88B2F90DAA5A6A2C06F36B /* Pods_todo2019.framework in Frameworks */,
			);
			runOnlyForDeploymentPostprocessing = 0;
		};
/* End PBXFrameworksBuildPhase section */

/* Begin PBXGroup section */
		165824E6239F723700F535CF = {
			isa = PBXGroup;
			children = (
				165824F1239F723700F535CF /* todo2019 */,
				165824F0239F723700F535CF /* Products */,
				16E0772DB02DCD4BF00D42FA /* Pods */,
				9640E41EE8D0D0C7DA5A56C1 /* Frameworks */,
			);
			sourceTree = "<group>";
		};
		165824F0239F723700F535CF /* Products */ = {
			isa = PBXGroup;
			children = (
				165824EF239F723700F535CF /* todo2019.app */,
			);
			name = Products;
			sourceTree = "<group>";
		};
		165824F1239F723700F535CF /* todo2019 */ = {
			isa = PBXGroup;
			children = (
				165824F2239F723700F535CF /* AppDelegate.swift */,
				165824F4239F723700F535CF /* SceneDelegate.swift */,
				165824F6239F723700F535CF /* ViewController.swift */,
				165824F8239F723700F535CF /* Main.storyboard */,
				165824FB239F723900F535CF /* Assets.xcassets */,
				165824FD239F723900F535CF /* LaunchScreen.storyboard */,
				16582500239F723900F535CF /* Info.plist */,
				A3EA94414FF75A4385B97399 /* model */,
				1654DB0523A2298A00964A0B /* TodosViewControllerTableViewController.swift */,
				1676099223A733B600048459 /* AnimationViewController.swift */,
				166B9A0823A8BEE3004B7785 /* CustomView.swift */,
				166B9A0A23A8BEF9004B7785 /* CustomView.xib */,
				1681A0DD23AC997A0096D2E0 /* NibView.swift */,
				1681A0DF23ACB37B0096D2E0 /* Alert.storyboard */,
			);
			path = todo2019;
			sourceTree = "<group>";
		};
		16E0772DB02DCD4BF00D42FA /* Pods */ = {
			isa = PBXGroup;
			children = (
				43BE51C8E5AFA6BAA2947EAD /* Pods-todo2019.debug.xcconfig */,
				B83F96FBA3B8D687A0E3A10F /* Pods-todo2019.release.xcconfig */,
			);
			path = Pods;
			sourceTree = "<group>";
		};
		9640E41EE8D0D0C7DA5A56C1 /* Frameworks */ = {
			isa = PBXGroup;
			children = (
				DBA14ED85F2822BD5B15206D /* Pods_todo2019.framework */,
			);
			name = Frameworks;
			sourceTree = "<group>";
		};
		A3EA94414FF75A4385B97399 /* model */ = {
			isa = PBXGroup;
			children = (
				A3EA92F5F564310B268C46AC /* Todo.swift */,
			);
			path = model;
			sourceTree = "<group>";
		};
/* End PBXGroup section */

/* Begin PBXNativeTarget section */
		165824EE239F723700F535CF /* todo2019 */ = {
			isa = PBXNativeTarget;
			buildConfigurationList = 16582503239F723900F535CF /* Build configuration list for PBXNativeTarget "todo2019" */;
			buildPhases = (
				2DC5A809B3ABC3849D2CDD60 /* [CP] Check Pods Manifest.lock */,
				165824EB239F723700F535CF /* Sources */,
				165824EC239F723700F535CF /* Frameworks */,
				165824ED239F723700F535CF /* Resources */,
				7DA294D378AC32EC038A9D2E /* [CP] Embed Pods Frameworks */,
			);
			buildRules = (
			);
			dependencies = (
			);
			name = todo2019;
			productName = todo2019;
			productReference = 165824EF239F723700F535CF /* todo2019.app */;
			productType = "com.apple.product-type.application";
		};
/* End PBXNativeTarget section */

/* Begin PBXProject section */
		165824E7239F723700F535CF /* Project object */ = {
			isa = PBXProject;
			attributes = {
				LastSwiftUpdateCheck = 1120;
				LastUpgradeCheck = 1120;
				ORGANIZATIONNAME = "Takashi Seki";
				TargetAttributes = {
					165824EE239F723700F535CF = {
						CreatedOnToolsVersion = 11.2.1;
					};
				};
			};
			buildConfigurationList = 165824EA239F723700F535CF /* Build configuration list for PBXProject "todo2019" */;
			compatibilityVersion = "Xcode 9.3";
			developmentRegion = en;
			hasScannedForEncodings = 0;
			knownRegions = (
				en,
				Base,
			);
			mainGroup = 165824E6239F723700F535CF;
			productRefGroup = 165824F0239F723700F535CF /* Products */;
			projectDirPath = "";
			projectRoot = "";
			targets = (
				165824EE239F723700F535CF /* todo2019 */,
			);
		};
/* End PBXProject section */

/* Begin PBXResourcesBuildPhase section */
		165824ED239F723700F535CF /* Resources */ = {
			isa = PBXResourcesBuildPhase;
			buildActionMask = 2147483647;
			files = (
				165824FF239F723900F535CF /* LaunchScreen.storyboard in Resources */,
				1681A0E023ACB37B0096D2E0 /* Alert.storyboard in Resources */,
				166B9A0B23A8BEF9004B7785 /* CustomView.xib in Resources */,
				165824FC239F723900F535CF /* Assets.xcassets in Resources */,
				165824FA239F723700F535CF /* Main.storyboard in Resources */,
			);
			runOnlyForDeploymentPostprocessing = 0;
		};
/* End PBXResourcesBuildPhase section */

/* Begin PBXShellScriptBuildPhase section */
		2DC5A809B3ABC3849D2CDD60 /* [CP] Check Pods Manifest.lock */ = {
			isa = PBXShellScriptBuildPhase;
			buildActionMask = 2147483647;
			files = (
			);
			inputFileListPaths = (
			);
			inputPaths = (
				"${PODS_PODFILE_DIR_PATH}/Podfile.lock",
				"${PODS_ROOT}/Manifest.lock",
			);
			name = "[CP] Check Pods Manifest.lock";
			outputFileListPaths = (
			);
			outputPaths = (
				"$(DERIVED_FILE_DIR)/Pods-todo2019-checkManifestLockResult.txt",
			);
			runOnlyForDeploymentPostprocessing = 0;
			shellPath = /bin/sh;
			shellScript = "diff \"${PODS_PODFILE_DIR_PATH}/Podfile.lock\" \"${PODS_ROOT}/Manifest.lock\" > /dev/null\nif [ $? != 0 ] ; then\n    # print error to STDERR\n    echo \"error: The sandbox is not in sync with the Podfile.lock. Run 'pod install' or update your CocoaPods installation.\" >&2\n    exit 1\nfi\n# This output is used by Xcode 'outputs' to avoid re-running this script phase.\necho \"SUCCESS\" > \"${SCRIPT_OUTPUT_FILE_0}\"\n";
			showEnvVarsInLog = 0;
		};
		7DA294D378AC32EC038A9D2E /* [CP] Embed Pods Frameworks */ = {
			isa = PBXShellScriptBuildPhase;
			buildActionMask = 2147483647;
			files = (
			);
			inputFileListPaths = (
				"${PODS_ROOT}/Target Support Files/Pods-todo2019/Pods-todo2019-frameworks-${CONFIGURATION}-input-files.xcfilelist",
			);
			name = "[CP] Embed Pods Frameworks";
			outputFileListPaths = (
				"${PODS_ROOT}/Target Support Files/Pods-todo2019/Pods-todo2019-frameworks-${CONFIGURATION}-output-files.xcfilelist",
			);
			runOnlyForDeploymentPostprocessing = 0;
			shellPath = /bin/sh;
			shellScript = "\"${PODS_ROOT}/Target Support Files/Pods-todo2019/Pods-todo2019-frameworks.sh\"\n";
			showEnvVarsInLog = 0;
		};
/* End PBXShellScriptBuildPhase section */

/* Begin PBXSourcesBuildPhase section */
		165824EB239F723700F535CF /* Sources */ = {
			isa = PBXSourcesBuildPhase;
			buildActionMask = 2147483647;
			files = (
				165824F7239F723700F535CF /* ViewController.swift in Sources */,
				165824F3239F723700F535CF /* AppDelegate.swift in Sources */,
				165824F5239F723700F535CF /* SceneDelegate.swift in Sources */,
				166B9A0923A8BEE3004B7785 /* CustomView.swift in Sources */,
				1681A0DE23AC997A0096D2E0 /* NibView.swift in Sources */,
				1676099323A733B600048459 /* AnimationViewController.swift in Sources */,
				1654DB0623A2298A00964A0B /* TodosViewControllerTableViewController.swift in Sources */,
				A3EA94152060F5F1BD3BF708 /* Todo.swift in Sources */,
			);
			runOnlyForDeploymentPostprocessing = 0;
		};
/* End PBXSourcesBuildPhase section */

/* Begin PBXVariantGroup section */
		165824F8239F723700F535CF /* Main.storyboard */ = {
			isa = PBXVariantGroup;
			children = (
				165824F9239F723700F535CF /* Base */,
			);
			name = Main.storyboard;
			sourceTree = "<group>";
		};
		165824FD239F723900F535CF /* LaunchScreen.storyboard */ = {
			isa = PBXVariantGroup;
			children = (
				165824FE239F723900F535CF /* Base */,
			);
			name = LaunchScreen.storyboard;
			sourceTree = "<group>";
		};
/* End PBXVariantGroup section */

/* Begin XCBuildConfiguration section */
		16582501239F723900F535CF /* Debug */ = {
			isa = XCBuildConfiguration;
			buildSettings = {
				ALWAYS_SEARCH_USER_PATHS = NO;
				CLANG_ANALYZER_NONNULL = YES;
				CLANG_ANALYZER_NUMBER_OBJECT_CONVERSION = YES_AGGRESSIVE;
				CLANG_CXX_LANGUAGE_STANDARD = "gnu++14";
				CLANG_CXX_LIBRARY = "libc++";
				CLANG_ENABLE_MODULES = YES;
				CLANG_ENABLE_OBJC_ARC = YES;
				CLANG_ENABLE_OBJC_WEAK = YES;
				CLANG_WARN_BLOCK_CAPTURE_AUTORELEASING = YES;
				CLANG_WARN_BOOL_CONVERSION = YES;
				CLANG_WARN_COMMA = YES;
				CLANG_WARN_CONSTANT_CONVERSION = YES;
				CLANG_WARN_DEPRECATED_OBJC_IMPLEMENTATIONS = YES;
				CLANG_WARN_DIRECT_OBJC_ISA_USAGE = YES_ERROR;
				CLANG_WARN_DOCUMENTATION_COMMENTS = YES;
				CLANG_WARN_EMPTY_BODY = YES;
				CLANG_WARN_ENUM_CONVERSION = YES;
				CLANG_WARN_INFINITE_RECURSION = YES;
				CLANG_WARN_INT_CONVERSION = YES;
				CLANG_WARN_NON_LITERAL_NULL_CONVERSION = YES;
				CLANG_WARN_OBJC_IMPLICIT_RETAIN_SELF = YES;
				CLANG_WARN_OBJC_LITERAL_CONVERSION = YES;
				CLANG_WARN_OBJC_ROOT_CLASS = YES_ERROR;
				CLANG_WARN_RANGE_LOOP_ANALYSIS = YES;
				CLANG_WARN_STRICT_PROTOTYPES = YES;
				CLANG_WARN_SUSPICIOUS_MOVE = YES;
				CLANG_WARN_UNGUARDED_AVAILABILITY = YES_AGGRESSIVE;
				CLANG_WARN_UNREACHABLE_CODE = YES;
				CLANG_WARN__DUPLICATE_METHOD_MATCH = YES;
				COPY_PHASE_STRIP = NO;
				DEBUG_INFORMATION_FORMAT = dwarf;
				ENABLE_STRICT_OBJC_MSGSEND = YES;
				ENABLE_TESTABILITY = YES;
				GCC_C_LANGUAGE_STANDARD = gnu11;
				GCC_DYNAMIC_NO_PIC = NO;
				GCC_NO_COMMON_BLOCKS = YES;
				GCC_OPTIMIZATION_LEVEL = 0;
				GCC_PREPROCESSOR_DEFINITIONS = (
					"DEBUG=1",
					"$(inherited)",
				);
				GCC_WARN_64_TO_32_BIT_CONVERSION = YES;
				GCC_WARN_ABOUT_RETURN_TYPE = YES_ERROR;
				GCC_WARN_UNDECLARED_SELECTOR = YES;
				GCC_WARN_UNINITIALIZED_AUTOS = YES_AGGRESSIVE;
				GCC_WARN_UNUSED_FUNCTION = YES;
				GCC_WARN_UNUSED_VARIABLE = YES;
				IPHONEOS_DEPLOYMENT_TARGET = 13.2;
				MTL_ENABLE_DEBUG_INFO = INCLUDE_SOURCE;
				MTL_FAST_MATH = YES;
				ONLY_ACTIVE_ARCH = YES;
				SDKROOT = iphoneos;
				SWIFT_ACTIVE_COMPILATION_CONDITIONS = DEBUG;
				SWIFT_OPTIMIZATION_LEVEL = "-Onone";
			};
			name = Debug;
		};
		16582502239F723900F535CF /* Release */ = {
			isa = XCBuildConfiguration;
			buildSettings = {
				ALWAYS_SEARCH_USER_PATHS = NO;
				CLANG_ANALYZER_NONNULL = YES;
				CLANG_ANALYZER_NUMBER_OBJECT_CONVERSION = YES_AGGRESSIVE;
				CLANG_CXX_LANGUAGE_STANDARD = "gnu++14";
				CLANG_CXX_LIBRARY = "libc++";
				CLANG_ENABLE_MODULES = YES;
				CLANG_ENABLE_OBJC_ARC = YES;
				CLANG_ENABLE_OBJC_WEAK = YES;
				CLANG_WARN_BLOCK_CAPTURE_AUTORELEASING = YES;
				CLANG_WARN_BOOL_CONVERSION = YES;
				CLANG_WARN_COMMA = YES;
				CLANG_WARN_CONSTANT_CONVERSION = YES;
				CLANG_WARN_DEPRECATED_OBJC_IMPLEMENTATIONS = YES;
				CLANG_WARN_DIRECT_OBJC_ISA_USAGE = YES_ERROR;
				CLANG_WARN_DOCUMENTATION_COMMENTS = YES;
				CLANG_WARN_EMPTY_BODY = YES;
				CLANG_WARN_ENUM_CONVERSION = YES;
				CLANG_WARN_INFINITE_RECURSION = YES;
				CLANG_WARN_INT_CONVERSION = YES;
				CLANG_WARN_NON_LITERAL_NULL_CONVERSION = YES;
				CLANG_WARN_OBJC_IMPLICIT_RETAIN_SELF = YES;
				CLANG_WARN_OBJC_LITERAL_CONVERSION = YES;
				CLANG_WARN_OBJC_ROOT_CLASS = YES_ERROR;
				CLANG_WARN_RANGE_LOOP_ANALYSIS = YES;
				CLANG_WARN_STRICT_PROTOTYPES = YES;
				CLANG_WARN_SUSPICIOUS_MOVE = YES;
				CLANG_WARN_UNGUARDED_AVAILABILITY = YES_AGGRESSIVE;
				CLANG_WARN_UNREACHABLE_CODE = YES;
				CLANG_WARN__DUPLICATE_METHOD_MATCH = YES;
				COPY_PHASE_STRIP = NO;
				DEBUG_INFORMATION_FORMAT = "dwarf-with-dsym";
				ENABLE_NS_ASSERTIONS = NO;
				ENABLE_STRICT_OBJC_MSGSEND = YES;
				GCC_C_LANGUAGE_STANDARD = gnu11;
				GCC_NO_COMMON_BLOCKS = YES;
				GCC_WARN_64_TO_32_BIT_CONVERSION = YES;
				GCC_WARN_ABOUT_RETURN_TYPE = YES_ERROR;
				GCC_WARN_UNDECLARED_SELECTOR = YES;
				GCC_WARN_UNINITIALIZED_AUTOS = YES_AGGRESSIVE;
				GCC_WARN_UNUSED_FUNCTION = YES;
				GCC_WARN_UNUSED_VARIABLE = YES;
				IPHONEOS_DEPLOYMENT_TARGET = 13.2;
				MTL_ENABLE_DEBUG_INFO = NO;
				MTL_FAST_MATH = YES;
				SDKROOT = iphoneos;
				SWIFT_COMPILATION_MODE = wholemodule;
				SWIFT_OPTIMIZATION_LEVEL = "-O";
				VALIDATE_PRODUCT = YES;
			};
			name = Release;
		};
		16582504239F723900F535CF /* Debug */ = {
			isa = XCBuildConfiguration;
			baseConfigurationReference = 43BE51C8E5AFA6BAA2947EAD /* Pods-todo2019.debug.xcconfig */;
			buildSettings = {
				ASSETCATALOG_COMPILER_APPICON_NAME = AppIcon;
				CODE_SIGN_STYLE = Automatic;
				DEVELOPMENT_TEAM = 74BQ6KVLTH;
				INFOPLIST_FILE = todo2019/Info.plist;
				IPHONEOS_DEPLOYMENT_TARGET = 11.0;
				LD_RUNPATH_SEARCH_PATHS = (
					"$(inherited)",
					"@executable_path/Frameworks",
				);
				PRODUCT_BUNDLE_IDENTIFIER = app.beabuddy.todo2019;
				PRODUCT_NAME = "$(TARGET_NAME)";
				SWIFT_VERSION = 5.0;
				TARGETED_DEVICE_FAMILY = "1,2";
			};
			name = Debug;
		};
		16582505239F723900F535CF /* Release */ = {
			isa = XCBuildConfiguration;
			baseConfigurationReference = B83F96FBA3B8D687A0E3A10F /* Pods-todo2019.release.xcconfig */;
			buildSettings = {
				ASSETCATALOG_COMPILER_APPICON_NAME = AppIcon;
				CODE_SIGN_STYLE = Automatic;
				DEVELOPMENT_TEAM = 74BQ6KVLTH;
				INFOPLIST_FILE = todo2019/Info.plist;
				IPHONEOS_DEPLOYMENT_TARGET = 11.0;
				LD_RUNPATH_SEARCH_PATHS = (
					"$(inherited)",
					"@executable_path/Frameworks",
				);
				PRODUCT_BUNDLE_IDENTIFIER = app.beabuddy.todo2019;
				PRODUCT_NAME = "$(TARGET_NAME)";
				SWIFT_VERSION = 5.0;
				TARGETED_DEVICE_FAMILY = "1,2";
			};
			name = Release;
		};
/* End XCBuildConfiguration section */

/* Begin XCConfigurationList section */
		165824EA239F723700F535CF /* Build configuration list for PBXProject "todo2019" */ = {
			isa = XCConfigurationList;
			buildConfigurations = (
				16582501239F723900F535CF /* Debug */,
				16582502239F723900F535CF /* Release */,
			);
			defaultConfigurationIsVisible = 0;
			defaultConfigurationName = Release;
		};
		16582503239F723900F535CF /* Build configuration list for PBXNativeTarget "todo2019" */ = {
			isa = XCConfigurationList;
			buildConfigurations = (
				16582504239F723900F535CF /* Debug */,
				16582505239F723900F535CF /* Release */,
			);
			defaultConfigurationIsVisible = 0;
			defaultConfigurationName = Release;
		};
/* End XCConfigurationList section */
	};
	rootObject = 165824E7239F723700F535CF /* Project object */;
}
